
Microsoft Visual Studio Solution File, Format Version 12.00
# Visual Studio 2012
Project("{FAE04EC0-301F-11D3-BF4B-00C04F79EFBC}") = "MyVector", "..\MyVector\MyVector\MyVector.csproj", "{03E602BC-1CA8-4E87-ABE4-6D5BDEA50C64}"
EndProject
Project("{FAE04EC0-301F-11D3-BF4B-00C04F79EFBC}") = "MyList", "..\MyList\MyList\MyList.csproj", "{3A7AC1C7-A18C-41BB-800C-DEE94820DBF2}"
EndProject
Project("{FAE04EC0-301F-11D3-BF4B-00C04F79EFBC}") = "MyStack", "MyStack\MyStack.csproj", "{9C8EF7A7-343D-4E8E-A22C-92AA112330EC}"
EndProject
Global
	GlobalSection(SolutionConfigurationPlatforms) = preSolution
		Debug|x86 = Debug|x86
		Release|x86 = Release|x86
	EndGlobalSection
	GlobalSection(ProjectConfigurationPlatforms) = postSolution
		{03E602BC-1CA8-4E87-ABE4-6D5BDEA50C64}.Debug|x86.ActiveCfg = Debug|x86
		{03E602BC-1CA8-4E87-ABE4-6D5BDEA50C64}.Debug|x86.Build.0 = Debug|x86
		{03E602BC-1CA8-4E87-ABE4-6D5BDEA50C64}.Release|x86.ActiveCfg = Release|x86
		{03E602BC-1CA8-4E87-ABE4-6D5BDEA50C64}.Release|x86.Build.0 = Release|x86
		{3A7AC1C7-A18C-41BB-800C-DEE94820DBF2}.Debug|x86.ActiveCfg = Debug|x86
		{3A7AC1C7-A18C-41BB-800C-DEE94820DBF2}.Debug|x86.Build.0 = Debug|x86
		{3A7AC1C7-A18C-41BB-800C-DEE94820DBF2}.Release|x86.ActiveCfg = Release|x86
		{3A7AC1C7-A18C-41BB-800C-DEE94820DBF2}.Release|x86.Build.0 = Release|x86
		{9C8EF7A7-343D-4E8E-A22C-92AA112330EC}.Debug|x86.ActiveCfg = Debug|x86
		{9C8EF7A7-343D-4E8E-A22C-92AA112330EC}.Debug|x86.Build.0 = Debug|x86
		{9C8EF7A7-343D-4E8E-A22C-92AA112330EC}.Release|x86.ActiveCfg = Release|x86
		{9C8EF7A7-343D-4E8E-A22C-92AA112330EC}.Release|x86.Build.0 = Release|x86
	EndGlobalSection
	GlobalSection(MonoDevelopProperties) = preSolution
		StartupItem = ..\MyVector\MyVector\MyVector.csproj
	EndGlobalSection
EndGlobal
