// !$*UTF8*$!
{
	archiveVersion = 1;
	classes = {
	};
	objectVersion = 46;
	objects = {

/* Begin PBXBuildFile section */
		0DEEBAD9168B0D7D00A2E8BC /* UIKit.framework in Frameworks */ = {isa = PBXBuildFile; fileRef = 0DEEBAD8168B0D7D00A2E8BC /* UIKit.framework */; };
		0DEEBADB168B0D7D00A2E8BC /* Foundation.framework in Frameworks */ = {isa = PBXBuildFile; fileRef = 0DEEBADA168B0D7D00A2E8BC /* Foundation.framework */; };
		0DEEBADD168B0D7D00A2E8BC /* CoreGraphics.framework in Frameworks */ = {isa = PBXBuildFile; fileRef = 0DEEBADC168B0D7D00A2E8BC /* CoreGraphics.framework */; };
		0DEEBAE3168B0D7D00A2E8BC /* InfoPlist.strings in Resources */ = {isa = PBXBuildFile; fileRef = 0DEEBAE1168B0D7D00A2E8BC /* InfoPlist.strings */; };
		0DEEBAE5168B0D7D00A2E8BC /* main.m in Sources */ = {isa = PBXBuildFile; fileRef = 0DEEBAE4168B0D7D00A2E8BC /* main.m */; };
		0DEEBAE9168B0D7D00A2E8BC /* AppDelegate.m in Sources */ = {isa = PBXBuildFile; fileRef = 0DEEBAE8168B0D7D00A2E8BC /* AppDelegate.m */; };
		0DEEBAEB168B0D7D00A2E8BC /* Default.png in Resources */ = {isa = PBXBuildFile; fileRef = 0DEEBAEA168B0D7D00A2E8BC /* Default.png */; };
		0DEEBAED168B0D7D00A2E8BC /* Default@2x.png in Resources */ = {isa = PBXBuildFile; fileRef = 0DEEBAEC168B0D7D00A2E8BC /* Default@2x.png */; };
		0DEEBAEF168B0D7D00A2E8BC /* Default-568h@2x.png in Resources */ = {isa = PBXBuildFile; fileRef = 0DEEBAEE168B0D7D00A2E8BC /* Default-568h@2x.png */; };
		0DEEBAF2168B0D7D00A2E8BC /* MasterViewController.m in Sources */ = {isa = PBXBuildFile; fileRef = 0DEEBAF1168B0D7D00A2E8BC /* MasterViewController.m */; };
		0DEEBAF5168B0D7D00A2E8BC /* DetailViewController.m in Sources */ = {isa = PBXBuildFile; fileRef = 0DEEBAF4168B0D7D00A2E8BC /* DetailViewController.m */; };
		0DEEBAF8168B0D7D00A2E8BC /* MasterViewController.xib in Resources */ = {isa = PBXBuildFile; fileRef = 0DEEBAF6168B0D7D00A2E8BC /* MasterViewController.xib */; };
		0DEEBAFB168B0D7D00A2E8BC /* DetailViewController.xib in Resources */ = {isa = PBXBuildFile; fileRef = 0DEEBAF9168B0D7D00A2E8BC /* DetailViewController.xib */; };
/* End PBXBuildFile section */

/* Begin PBXFileReference section */
		0DEEBAD4168B0D7D00A2E8BC /* JankenMaster.app */ = {isa = PBXFileReference; explicitFileType = wrapper.application; includeInIndex = 0; path = JankenMaster.app; sourceTree = BUILT_PRODUCTS_DIR; };
		0DEEBAD8168B0D7D00A2E8BC /* UIKit.framework */ = {isa = PBXFileReference; lastKnownFileType = wrapper.framework; name = UIKit.framework; path = System/Library/Frameworks/UIKit.framework; sourceTree = SDKROOT; };
		0DEEBADA168B0D7D00A2E8BC /* Foundation.framework */ = {isa = PBXFileReference; lastKnownFileType = wrapper.framework; name = Foundation.framework; path = System/Library/Frameworks/Foundation.framework; sourceTree = SDKROOT; };
		0DEEBADC168B0D7D00A2E8BC /* CoreGraphics.framework */ = {isa = PBXFileReference; lastKnownFileType = wrapper.framework; name = CoreGraphics.framework; path = System/Library/Frameworks/CoreGraphics.framework; sourceTree = SDKROOT; };
		0DEEBAE0168B0D7D00A2E8BC /* JankenMaster-Info.plist */ = {isa = PBXFileReference; lastKnownFileType = text.plist.xml; path = "JankenMaster-Info.plist"; sourceTree = "<group>"; };
		0DEEBAE2168B0D7D00A2E8BC /* en */ = {isa = PBXFileReference; lastKnownFileType = text.plist.strings; name = en; path = en.lproj/InfoPlist.strings; sourceTree = "<group>"; };
		0DEEBAE4168B0D7D00A2E8BC /* main.m */ = {isa = PBXFileReference; lastKnownFileType = sourcecode.c.objc; path = main.m; sourceTree = "<group>"; };
		0DEEBAE6168B0D7D00A2E8BC /* JankenMaster-Prefix.pch */ = {isa = PBXFileReference; lastKnownFileType = sourcecode.c.h; path = "JankenMaster-Prefix.pch"; sourceTree = "<group>"; };
		0DEEBAE7168B0D7D00A2E8BC /* AppDelegate.h */ = {isa = PBXFileReference; lastKnownFileType = sourcecode.c.h; path = AppDelegate.h; sourceTree = "<group>"; };
		0DEEBAE8168B0D7D00A2E8BC /* AppDelegate.m */ = {isa = PBXFileReference; lastKnownFileType = sourcecode.c.objc; path = AppDelegate.m; sourceTree = "<group>"; };
		0DEEBAEA168B0D7D00A2E8BC /* Default.png */ = {isa = PBXFileReference; lastKnownFileType = image.png; path = Default.png; sourceTree = "<group>"; };
		0DEEBAEC168B0D7D00A2E8BC /* Default@2x.png */ = {isa = PBXFileReference; lastKnownFileType = image.png; path = "Default@2x.png"; sourceTree = "<group>"; };
		0DEEBAEE168B0D7D00A2E8BC /* Default-568h@2x.png */ = {isa = PBXFileReference; lastKnownFileType = image.png; path = "Default-568h@2x.png"; sourceTree = "<group>"; };
		0DEEBAF0168B0D7D00A2E8BC /* MasterViewController.h */ = {isa = PBXFileReference; lastKnownFileType = sourcecode.c.h; path = MasterViewController.h; sourceTree = "<group>"; };
		0DEEBAF1168B0D7D00A2E8BC /* MasterViewController.m */ = {isa = PBXFileReference; lastKnownFileType = sourcecode.c.objc; path = MasterViewController.m; sourceTree = "<group>"; };
		0DEEBAF3168B0D7D00A2E8BC /* DetailViewController.h */ = {isa = PBXFileReference; lastKnownFileType = sourcecode.c.h; path = DetailViewController.h; sourceTree = "<group>"; };
		0DEEBAF4168B0D7D00A2E8BC /* DetailViewController.m */ = {isa = PBXFileReference; lastKnownFileType = sourcecode.c.objc; path = DetailViewController.m; sourceTree = "<group>"; };
		0DEEBAF7168B0D7D00A2E8BC /* en */ = {isa = PBXFileReference; lastKnownFileType = file.xib; name = en; path = en.lproj/MasterViewController.xib; sourceTree = "<group>"; };
		0DEEBAFA168B0D7D00A2E8BC /* en */ = {isa = PBXFileReference; lastKnownFileType = file.xib; name = en; path = en.lproj/DetailViewController.xib; sourceTree = "<group>"; };
/* End PBXFileReference section */

/* Begin PBXFrameworksBuildPhase section */
		0DEEBAD1168B0D7D00A2E8BC /* Frameworks */ = {
			isa = PBXFrameworksBuildPhase;
			buildActionMask = 2147483647;
			files = (
				0DEEBAD9168B0D7D00A2E8BC /* UIKit.framework in Frameworks */,
				0DEEBADB168B0D7D00A2E8BC /* Foundation.framework in Frameworks */,
				0DEEBADD168B0D7D00A2E8BC /* CoreGraphics.framework in Frameworks */,
			);
			runOnlyForDeploymentPostprocessing = 0;
		};
/* End PBXFrameworksBuildPhase section */

/* Begin PBXGroup section */
		0DEEBAC9168B0D7D00A2E8BC = {
			isa = PBXGroup;
			children = (
				0DEEBADE168B0D7D00A2E8BC /* JankenMaster */,
				0DEEBAD7168B0D7D00A2E8BC /* Frameworks */,
				0DEEBAD5168B0D7D00A2E8BC /* Products */,
			);
			sourceTree = "<group>";
		};
		0DEEBAD5168B0D7D00A2E8BC /* Products */ = {
			isa = PBXGroup;
			children = (
				0DEEBAD4168B0D7D00A2E8BC /* JankenMaster.app */,
			);
			name = Products;
			sourceTree = "<group>";
		};
		0DEEBAD7168B0D7D00A2E8BC /* Frameworks */ = {
			isa = PBXGroup;
			children = (
				0DEEBAD8168B0D7D00A2E8BC /* UIKit.framework */,
				0DEEBADA168B0D7D00A2E8BC /* Foundation.framework */,
				0DEEBADC168B0D7D00A2E8BC /* CoreGraphics.framework */,
			);
			name = Frameworks;
			sourceTree = "<group>";
		};
		0DEEBADE168B0D7D00A2E8BC /* JankenMaster */ = {
			isa = PBXGroup;
			children = (
				0DEEBAE7168B0D7D00A2E8BC /* AppDelegate.h */,
				0DEEBAE8168B0D7D00A2E8BC /* AppDelegate.m */,
				0DEEBAF0168B0D7D00A2E8BC /* MasterViewController.h */,
				0DEEBAF1168B0D7D00A2E8BC /* MasterViewController.m */,
				0DEEBAF3168B0D7D00A2E8BC /* DetailViewController.h */,
				0DEEBAF4168B0D7D00A2E8BC /* DetailViewController.m */,
				0DEEBAF6168B0D7D00A2E8BC /* MasterViewController.xib */,
				0DEEBAF9168B0D7D00A2E8BC /* DetailViewController.xib */,
				0DEEBADF168B0D7D00A2E8BC /* Supporting Files */,
			);
			path = JankenMaster;
			sourceTree = "<group>";
		};
		0DEEBADF168B0D7D00A2E8BC /* Supporting Files */ = {
			isa = PBXGroup;
			children = (
				0DEEBAE0168B0D7D00A2E8BC /* JankenMaster-Info.plist */,
				0DEEBAE1168B0D7D00A2E8BC /* InfoPlist.strings */,
				0DEEBAE4168B0D7D00A2E8BC /* main.m */,
				0DEEBAE6168B0D7D00A2E8BC /* JankenMaster-Prefix.pch */,
				0DEEBAEA168B0D7D00A2E8BC /* Default.png */,
				0DEEBAEC168B0D7D00A2E8BC /* Default@2x.png */,
				0DEEBAEE168B0D7D00A2E8BC /* Default-568h@2x.png */,
			);
			name = "Supporting Files";
			sourceTree = "<group>";
		};
/* End PBXGroup section */

/* Begin PBXNativeTarget section */
		0DEEBAD3168B0D7D00A2E8BC /* JankenMaster */ = {
			isa = PBXNativeTarget;
			buildConfigurationList = 0DEEBAFE168B0D7D00A2E8BC /* Build configuration list for PBXNativeTarget "JankenMaster" */;
			buildPhases = (
				0DEEBAD0168B0D7D00A2E8BC /* Sources */,
				0DEEBAD1168B0D7D00A2E8BC /* Frameworks */,
				0DEEBAD2168B0D7D00A2E8BC /* Resources */,
			);
			buildRules = (
			);
			dependencies = (
			);
			name = JankenMaster;
			productName = JankenMaster;
			productReference = 0DEEBAD4168B0D7D00A2E8BC /* JankenMaster.app */;
			productType = "com.apple.product-type.application";
		};
/* End PBXNativeTarget section */

/* Begin PBXProject section */
		0DEEBACB168B0D7D00A2E8BC /* Project object */ = {
			isa = PBXProject;
			attributes = {
				LastUpgradeCheck = 0450;
				ORGANIZATIONNAME = "岩佐 淳史";
			};
			buildConfigurationList = 0DEEBACE168B0D7D00A2E8BC /* Build configuration list for PBXProject "JankenMaster" */;
			compatibilityVersion = "Xcode 3.2";
			developmentRegion = English;
			hasScannedForEncodings = 0;
			knownRegions = (
				en,
			);
			mainGroup = 0DEEBAC9168B0D7D00A2E8BC;
			productRefGroup = 0DEEBAD5168B0D7D00A2E8BC /* Products */;
			projectDirPath = "";
			projectRoot = "";
			targets = (
				0DEEBAD3168B0D7D00A2E8BC /* JankenMaster */,
			);
		};
/* End PBXProject section */

/* Begin PBXResourcesBuildPhase section */
		0DEEBAD2168B0D7D00A2E8BC /* Resources */ = {
			isa = PBXResourcesBuildPhase;
			buildActionMask = 2147483647;
			files = (
				0DEEBAE3168B0D7D00A2E8BC /* InfoPlist.strings in Resources */,
				0DEEBAEB168B0D7D00A2E8BC /* Default.png in Resources */,
				0DEEBAED168B0D7D00A2E8BC /* Default@2x.png in Resources */,
				0DEEBAEF168B0D7D00A2E8BC /* Default-568h@2x.png in Resources */,
				0DEEBAF8168B0D7D00A2E8BC /* MasterViewController.xib in Resources */,
				0DEEBAFB168B0D7D00A2E8BC /* DetailViewController.xib in Resources */,
			);
			runOnlyForDeploymentPostprocessing = 0;
		};
/* End PBXResourcesBuildPhase section */

/* Begin PBXSourcesBuildPhase section */
		0DEEBAD0168B0D7D00A2E8BC /* Sources */ = {
			isa = PBXSourcesBuildPhase;
			buildActionMask = 2147483647;
			files = (
				0DEEBAE5168B0D7D00A2E8BC /* main.m in Sources */,
				0DEEBAE9168B0D7D00A2E8BC /* AppDelegate.m in Sources */,
				0DEEBAF2168B0D7D00A2E8BC /* MasterViewController.m in Sources */,
				0DEEBAF5168B0D7D00A2E8BC /* DetailViewController.m in Sources */,
			);
			runOnlyForDeploymentPostprocessing = 0;
		};
/* End PBXSourcesBuildPhase section */

/* Begin PBXVariantGroup section */
		0DEEBAE1168B0D7D00A2E8BC /* InfoPlist.strings */ = {
			isa = PBXVariantGroup;
			children = (
				0DEEBAE2168B0D7D00A2E8BC /* en */,
			);
			name = InfoPlist.strings;
			sourceTree = "<group>";
		};
		0DEEBAF6168B0D7D00A2E8BC /* MasterViewController.xib */ = {
			isa = PBXVariantGroup;
			children = (
				0DEEBAF7168B0D7D00A2E8BC /* en */,
			);
			name = MasterViewController.xib;
			sourceTree = "<group>";
		};
		0DEEBAF9168B0D7D00A2E8BC /* DetailViewController.xib */ = {
			isa = PBXVariantGroup;
			children = (
				0DEEBAFA168B0D7D00A2E8BC /* en */,
			);
			name = DetailViewController.xib;
			sourceTree = "<group>";
		};
/* End PBXVariantGroup section */

/* Begin XCBuildConfiguration section */
		0DEEBAFC168B0D7D00A2E8BC /* Debug */ = {
			isa = XCBuildConfiguration;
			buildSettings = {
				ALWAYS_SEARCH_USER_PATHS = NO;
				CLANG_CXX_LANGUAGE_STANDARD = "gnu++0x";
				CLANG_CXX_LIBRARY = "libc++";
				CLANG_ENABLE_OBJC_ARC = YES;
				CLANG_WARN_EMPTY_BODY = YES;
				CLANG_WARN__DUPLICATE_METHOD_MATCH = YES;
				"CODE_SIGN_IDENTITY[sdk=iphoneos*]" = "iPhone Developer";
				COPY_PHASE_STRIP = NO;
				GCC_C_LANGUAGE_STANDARD = gnu99;
				GCC_DYNAMIC_NO_PIC = NO;
				GCC_OPTIMIZATION_LEVEL = 0;
				GCC_PREPROCESSOR_DEFINITIONS = (
					"DEBUG=1",
					"$(inherited)",
				);
				GCC_SYMBOLS_PRIVATE_EXTERN = NO;
				GCC_WARN_ABOUT_RETURN_TYPE = YES;
				GCC_WARN_UNINITIALIZED_AUTOS = YES;
				GCC_WARN_UNUSED_VARIABLE = YES;
				IPHONEOS_DEPLOYMENT_TARGET = 6.0;
				ONLY_ACTIVE_ARCH = YES;
				SDKROOT = iphoneos;
			};
			name = Debug;
		};
		0DEEBAFD168B0D7D00A2E8BC /* Release */ = {
			isa = XCBuildConfiguration;
			buildSettings = {
				ALWAYS_SEARCH_USER_PATHS = NO;
				CLANG_CXX_LANGUAGE_STANDARD = "gnu++0x";
				CLANG_CXX_LIBRARY = "libc++";
				CLANG_ENABLE_OBJC_ARC = YES;
				CLANG_WARN_EMPTY_BODY = YES;
				CLANG_WARN__DUPLICATE_METHOD_MATCH = YES;
				"CODE_SIGN_IDENTITY[sdk=iphoneos*]" = "iPhone Developer";
				COPY_PHASE_STRIP = YES;
				GCC_C_LANGUAGE_STANDARD = gnu99;
				GCC_WARN_ABOUT_RETURN_TYPE = YES;
				GCC_WARN_UNINITIALIZED_AUTOS = YES;
				GCC_WARN_UNUSED_VARIABLE = YES;
				IPHONEOS_DEPLOYMENT_TARGET = 6.0;
				OTHER_CFLAGS = "-DNS_BLOCK_ASSERTIONS=1";
				SDKROOT = iphoneos;
				VALIDATE_PRODUCT = YES;
			};
			name = Release;
		};
		0DEEBAFF168B0D7D00A2E8BC /* Debug */ = {
			isa = XCBuildConfiguration;
			buildSettings = {
				GCC_PRECOMPILE_PREFIX_HEADER = YES;
				GCC_PREFIX_HEADER = "JankenMaster/JankenMaster-Prefix.pch";
				INFOPLIST_FILE = "JankenMaster/JankenMaster-Info.plist";
				PRODUCT_NAME = "$(TARGET_NAME)";
				WRAPPER_EXTENSION = app;
			};
			name = Debug;
		};
		0DEEBB00168B0D7D00A2E8BC /* Release */ = {
			isa = XCBuildConfiguration;
			buildSettings = {
				GCC_PRECOMPILE_PREFIX_HEADER = YES;
				GCC_PREFIX_HEADER = "JankenMaster/JankenMaster-Prefix.pch";
				INFOPLIST_FILE = "JankenMaster/JankenMaster-Info.plist";
				PRODUCT_NAME = "$(TARGET_NAME)";
				WRAPPER_EXTENSION = app;
			};
			name = Release;
		};
/* End XCBuildConfiguration section */

/* Begin XCConfigurationList section */
		0DEEBACE168B0D7D00A2E8BC /* Build configuration list for PBXProject "JankenMaster" */ = {
			isa = XCConfigurationList;
			buildConfigurations = (
				0DEEBAFC168B0D7D00A2E8BC /* Debug */,
				0DEEBAFD168B0D7D00A2E8BC /* Release */,
			);
			defaultConfigurationIsVisible = 0;
			defaultConfigurationName = Release;
		};
		0DEEBAFE168B0D7D00A2E8BC /* Build configuration list for PBXNativeTarget "JankenMaster" */ = {
			isa = XCConfigurationList;
			buildConfigurations = (
				0DEEBAFF168B0D7D00A2E8BC /* Debug */,
				0DEEBB00168B0D7D00A2E8BC /* Release */,
			);
			defaultConfigurationIsVisible = 0;
		};
/* End XCConfigurationList section */
	};
	rootObject = 0DEEBACB168B0D7D00A2E8BC /* Project object */;
}
